// !$*UTF8*$!
{
	archiveVersion = 1;
	classes = {
	};
	objectVersion = 56;
	objects = {

/* Begin PBXBuildFile section */
		AC71A5122BDBBAA1008FE87B /* MsScreenApp.swift in Sources */ = {isa = PBXBuildFile; fileRef = AC71A5112BDBBAA1008FE87B /* MsScreenApp.swift */; };
		AC71A5142BDBBAA1008FE87B /* ContentView.swift in Sources */ = {isa = PBXBuildFile; fileRef = AC71A5132BDBBAA1008FE87B /* ContentView.swift */; };
		AC71A5162BDBBAA4008FE87B /* Assets.xcassets in Resources */ = {isa = PBXBuildFile; fileRef = AC71A5152BDBBAA4008FE87B /* Assets.xcassets */; };
		AC71A5192BDBBAA4008FE87B /* Preview Assets.xcassets in Resources */ = {isa = PBXBuildFile; fileRef = AC71A5182BDBBAA4008FE87B /* Preview Assets.xcassets */; };
		AC71A5202BDBE1A1008FE87B /* ColorListView.swift in Sources */ = {isa = PBXBuildFile; fileRef = AC71A51F2BDBE1A1008FE87B /* ColorListView.swift */; };
		AC71A5222BDBE1E5008FE87B /* AppInfoView.swift in Sources */ = {isa = PBXBuildFile; fileRef = AC71A5212BDBE1E5008FE87B /* AppInfoView.swift */; };
		ACE5AA482BDCBF7500E5681B /* DeviceInfo.swift in Sources */ = {isa = PBXBuildFile; fileRef = ACE5AA472BDCBF7500E5681B /* DeviceInfo.swift */; };
		ACE5AA4B2BDCC17C00E5681B /* PhoneInfoView.swift in Sources */ = {isa = PBXBuildFile; fileRef = ACE5AA4A2BDCC17C00E5681B /* PhoneInfoView.swift */; };
		ACE5AA4D2BDCC34A00E5681B /* CategoryView.swift in Sources */ = {isa = PBXBuildFile; fileRef = ACE5AA4C2BDCC34A00E5681B /* CategoryView.swift */; };
		ACE5AA502BDCC38800E5681B /* Category.swift in Sources */ = {isa = PBXBuildFile; fileRef = ACE5AA4F2BDCC38800E5681B /* Category.swift */; };
		ACE5AA532BDCDF6B00E5681B /* ScalableTextScreen.swift in Sources */ = {isa = PBXBuildFile; fileRef = ACE5AA522BDCDF6B00E5681B /* ScalableTextScreen.swift */; };
		ACE5AA552BDCED3000E5681B /* AppScreenView.swift in Sources */ = {isa = PBXBuildFile; fileRef = ACE5AA542BDCED3000E5681B /* AppScreenView.swift */; };
		ACE5AA582BDCF3CF00E5681B /* Gradient+Ext.swift in Sources */ = {isa = PBXBuildFile; fileRef = ACE5AA572BDCF3CF00E5681B /* Gradient+Ext.swift */; };
		ACE5AA5A2BDCF5D200E5681B /* FullScreenColorView.swift in Sources */ = {isa = PBXBuildFile; fileRef = ACE5AA592BDCF5D200E5681B /* FullScreenColorView.swift */; };
/* End PBXBuildFile section */

/* Begin PBXFileReference section */
		AC71A50E2BDBBAA1008FE87B /* MsScreen.app */ = {isa = PBXFileReference; explicitFileType = wrapper.application; includeInIndex = 0; path = MsScreen.app; sourceTree = BUILT_PRODUCTS_DIR; };
		AC71A5112BDBBAA1008FE87B /* MsScreenApp.swift */ = {isa = PBXFileReference; lastKnownFileType = sourcecode.swift; path = MsScreenApp.swift; sourceTree = "<group>"; };
		AC71A5132BDBBAA1008FE87B /* ContentView.swift */ = {isa = PBXFileReference; lastKnownFileType = sourcecode.swift; path = ContentView.swift; sourceTree = "<group>"; };
		AC71A5152BDBBAA4008FE87B /* Assets.xcassets */ = {isa = PBXFileReference; lastKnownFileType = folder.assetcatalog; path = Assets.xcassets; sourceTree = "<group>"; };
		AC71A5182BDBBAA4008FE87B /* Preview Assets.xcassets */ = {isa = PBXFileReference; lastKnownFileType = folder.assetcatalog; path = "Preview Assets.xcassets"; sourceTree = "<group>"; };
		AC71A51F2BDBE1A1008FE87B /* ColorListView.swift */ = {isa = PBXFileReference; lastKnownFileType = sourcecode.swift; path = ColorListView.swift; sourceTree = "<group>"; };
		AC71A5212BDBE1E5008FE87B /* AppInfoView.swift */ = {isa = PBXFileReference; lastKnownFileType = sourcecode.swift; path = AppInfoView.swift; sourceTree = "<group>"; };
		ACE5AA472BDCBF7500E5681B /* DeviceInfo.swift */ = {isa = PBXFileReference; lastKnownFileType = sourcecode.swift; path = DeviceInfo.swift; sourceTree = "<group>"; };
		ACE5AA4A2BDCC17C00E5681B /* PhoneInfoView.swift */ = {isa = PBXFileReference; lastKnownFileType = sourcecode.swift; path = PhoneInfoView.swift; sourceTree = "<group>"; };
		ACE5AA4C2BDCC34A00E5681B /* CategoryView.swift */ = {isa = PBXFileReference; lastKnownFileType = sourcecode.swift; path = CategoryView.swift; sourceTree = "<group>"; };
		ACE5AA4F2BDCC38800E5681B /* Category.swift */ = {isa = PBXFileReference; lastKnownFileType = sourcecode.swift; path = Category.swift; sourceTree = "<group>"; };
		ACE5AA522BDCDF6B00E5681B /* ScalableTextScreen.swift */ = {isa = PBXFileReference; lastKnownFileType = sourcecode.swift; path = ScalableTextScreen.swift; sourceTree = "<group>"; };
		ACE5AA542BDCED3000E5681B /* AppScreenView.swift */ = {isa = PBXFileReference; lastKnownFileType = sourcecode.swift; path = AppScreenView.swift; sourceTree = "<group>"; };
		ACE5AA572BDCF3CF00E5681B /* Gradient+Ext.swift */ = {isa = PBXFileReference; lastKnownFileType = sourcecode.swift; path = "Gradient+Ext.swift"; sourceTree = "<group>"; };
		ACE5AA592BDCF5D200E5681B /* FullScreenColorView.swift */ = {isa = PBXFileReference; lastKnownFileType = sourcecode.swift; path = FullScreenColorView.swift; sourceTree = "<group>"; };
/* End PBXFileReference section */

/* Begin PBXFrameworksBuildPhase section */
		AC71A50B2BDBBAA1008FE87B /* Frameworks */ = {
			isa = PBXFrameworksBuildPhase;
			buildActionMask = 2147483647;
			files = (
			);
			runOnlyForDeploymentPostprocessing = 0;
		};
/* End PBXFrameworksBuildPhase section */

/* Begin PBXGroup section */
		AC71A5052BDBBAA1008FE87B = {
			isa = PBXGroup;
			children = (
				AC71A5102BDBBAA1008FE87B /* MsScreen */,
				AC71A50F2BDBBAA1008FE87B /* Products */,
			);
			sourceTree = "<group>";
		};
		AC71A50F2BDBBAA1008FE87B /* Products */ = {
			isa = PBXGroup;
			children = (
				AC71A50E2BDBBAA1008FE87B /* MsScreen.app */,
			);
			name = Products;
			sourceTree = "<group>";
		};
		AC71A5102BDBBAA1008FE87B /* MsScreen */ = {
			isa = PBXGroup;
			children = (
				ACE5AA562BDCF3BB00E5681B /* Ext */,
				ACE5AA512BDCC3B600E5681B /* Screen */,
				ACE5AA4E2BDCC37F00E5681B /* Struct */,
				ACE5AA492BDCC14500E5681B /* Views */,
				ACE5AA462BDCBF6800E5681B /* Utility */,
				AC71A5112BDBBAA1008FE87B /* MsScreenApp.swift */,
				AC71A5152BDBBAA4008FE87B /* Assets.xcassets */,
				AC71A5172BDBBAA4008FE87B /* Preview Content */,
			);
			path = MsScreen;
			sourceTree = "<group>";
		};
		AC71A5172BDBBAA4008FE87B /* Preview Content */ = {
			isa = PBXGroup;
			children = (
				AC71A5182BDBBAA4008FE87B /* Preview Assets.xcassets */,
			);
			path = "Preview Content";
			sourceTree = "<group>";
		};
		ACE5AA462BDCBF6800E5681B /* Utility */ = {
			isa = PBXGroup;
			children = (
				ACE5AA472BDCBF7500E5681B /* DeviceInfo.swift */,
			);
			path = Utility;
			sourceTree = "<group>";
		};
		ACE5AA492BDCC14500E5681B /* Views */ = {
			isa = PBXGroup;
			children = (
				ACE5AA4A2BDCC17C00E5681B /* PhoneInfoView.swift */,
				ACE5AA4C2BDCC34A00E5681B /* CategoryView.swift */,
				ACE5AA542BDCED3000E5681B /* AppScreenView.swift */,
			);
			path = Views;
			sourceTree = "<group>";
		};
		ACE5AA4E2BDCC37F00E5681B /* Struct */ = {
			isa = PBXGroup;
			children = (
				ACE5AA4F2BDCC38800E5681B /* Category.swift */,
			);
			path = Struct;
			sourceTree = "<group>";
		};
		ACE5AA512BDCC3B600E5681B /* Screen */ = {
			isa = PBXGroup;
			children = (
				AC71A5132BDBBAA1008FE87B /* ContentView.swift */,
				AC71A51F2BDBE1A1008FE87B /* ColorListView.swift */,
				AC71A5212BDBE1E5008FE87B /* AppInfoView.swift */,
				ACE5AA522BDCDF6B00E5681B /* ScalableTextScreen.swift */,
				ACE5AA592BDCF5D200E5681B /* FullScreenColorView.swift */,
			);
			path = Screen;
			sourceTree = "<group>";
		};
		ACE5AA562BDCF3BB00E5681B /* Ext */ = {
			isa = PBXGroup;
			children = (
				ACE5AA572BDCF3CF00E5681B /* Gradient+Ext.swift */,
			);
			path = Ext;
			sourceTree = "<group>";
		};
/* End PBXGroup section */

/* Begin PBXNativeTarget section */
		AC71A50D2BDBBAA1008FE87B /* MsScreen */ = {
			isa = PBXNativeTarget;
			buildConfigurationList = AC71A51C2BDBBAA4008FE87B /* Build configuration list for PBXNativeTarget "MsScreen" */;
			buildPhases = (
				AC71A50A2BDBBAA1008FE87B /* Sources */,
				AC71A50B2BDBBAA1008FE87B /* Frameworks */,
				AC71A50C2BDBBAA1008FE87B /* Resources */,
			);
			buildRules = (
			);
			dependencies = (
			);
			name = MsScreen;
			productName = MsScreen;
			productReference = AC71A50E2BDBBAA1008FE87B /* MsScreen.app */;
			productType = "com.apple.product-type.application";
		};
/* End PBXNativeTarget section */

/* Begin PBXProject section */
		AC71A5062BDBBAA1008FE87B /* Project object */ = {
			isa = PBXProject;
			attributes = {
				BuildIndependentTargetsInParallel = 1;
				LastSwiftUpdateCheck = 1510;
				LastUpgradeCheck = 1510;
				TargetAttributes = {
					AC71A50D2BDBBAA1008FE87B = {
						CreatedOnToolsVersion = 15.1;
					};
				};
			};
			buildConfigurationList = AC71A5092BDBBAA1008FE87B /* Build configuration list for PBXProject "MsScreen" */;
			compatibilityVersion = "Xcode 14.0";
			developmentRegion = en;
			hasScannedForEncodings = 0;
			knownRegions = (
				en,
				Base,
			);
			mainGroup = AC71A5052BDBBAA1008FE87B;
			productRefGroup = AC71A50F2BDBBAA1008FE87B /* Products */;
			projectDirPath = "";
			projectRoot = "";
			targets = (
				AC71A50D2BDBBAA1008FE87B /* MsScreen */,
			);
		};
/* End PBXProject section */

/* Begin PBXResourcesBuildPhase section */
		AC71A50C2BDBBAA1008FE87B /* Resources */ = {
			isa = PBXResourcesBuildPhase;
			buildActionMask = 2147483647;
			files = (
				AC71A5192BDBBAA4008FE87B /* Preview Assets.xcassets in Resources */,
				AC71A5162BDBBAA4008FE87B /* Assets.xcassets in Resources */,
			);
			runOnlyForDeploymentPostprocessing = 0;
		};
/* End PBXResourcesBuildPhase section */

/* Begin PBXSourcesBuildPhase section */
		AC71A50A2BDBBAA1008FE87B /* Sources */ = {
			isa = PBXSourcesBuildPhase;
			buildActionMask = 2147483647;
			files = (
				AC71A5222BDBE1E5008FE87B /* AppInfoView.swift in Sources */,
				ACE5AA4D2BDCC34A00E5681B /* CategoryView.swift in Sources */,
				ACE5AA532BDCDF6B00E5681B /* ScalableTextScreen.swift in Sources */,
				AC71A5142BDBBAA1008FE87B /* ContentView.swift in Sources */,
				ACE5AA552BDCED3000E5681B /* AppScreenView.swift in Sources */,
				ACE5AA582BDCF3CF00E5681B /* Gradient+Ext.swift in Sources */,
				AC71A5122BDBBAA1008FE87B /* MsScreenApp.swift in Sources */,
				ACE5AA4B2BDCC17C00E5681B /* PhoneInfoView.swift in Sources */,
				AC71A5202BDBE1A1008FE87B /* ColorListView.swift in Sources */,
				ACE5AA5A2BDCF5D200E5681B /* FullScreenColorView.swift in Sources */,
				ACE5AA482BDCBF7500E5681B /* DeviceInfo.swift in Sources */,
				ACE5AA502BDCC38800E5681B /* Category.swift in Sources */,
			);
			runOnlyForDeploymentPostprocessing = 0;
		};
/* End PBXSourcesBuildPhase section */

/* Begin XCBuildConfiguration section */
		AC71A51A2BDBBAA4008FE87B /* Debug */ = {
			isa = XCBuildConfiguration;
			buildSettings = {
				ALWAYS_SEARCH_USER_PATHS = NO;
				ASSETCATALOG_COMPILER_GENERATE_SWIFT_ASSET_SYMBOL_EXTENSIONS = YES;
				CLANG_ANALYZER_NONNULL = YES;
				CLANG_ANALYZER_NUMBER_OBJECT_CONVERSION = YES_AGGRESSIVE;
				CLANG_CXX_LANGUAGE_STANDARD = "gnu++20";
				CLANG_ENABLE_MODULES = YES;
				CLANG_ENABLE_OBJC_ARC = YES;
				CLANG_ENABLE_OBJC_WEAK = YES;
				CLANG_WARN_BLOCK_CAPTURE_AUTORELEASING = YES;
				CLANG_WARN_BOOL_CONVERSION = YES;
				CLANG_WARN_COMMA = YES;
				CLANG_WARN_CONSTANT_CONVERSION = YES;
				CLANG_WARN_DEPRECATED_OBJC_IMPLEMENTATIONS = YES;
				CLANG_WARN_DIRECT_OBJC_ISA_USAGE = YES_ERROR;
				CLANG_WARN_DOCUMENTATION_COMMENTS = YES;
				CLANG_WARN_EMPTY_BODY = YES;
				CLANG_WARN_ENUM_CONVERSION = YES;
				CLANG_WARN_INFINITE_RECURSION = YES;
				CLANG_WARN_INT_CONVERSION = YES;
				CLANG_WARN_NON_LITERAL_NULL_CONVERSION = YES;
				CLANG_WARN_OBJC_IMPLICIT_RETAIN_SELF = YES;
				CLANG_WARN_OBJC_LITERAL_CONVERSION = YES;
				CLANG_WARN_OBJC_ROOT_CLASS = YES_ERROR;
				CLANG_WARN_QUOTED_INCLUDE_IN_FRAMEWORK_HEADER = YES;
				CLANG_WARN_RANGE_LOOP_ANALYSIS = YES;
				CLANG_WARN_STRICT_PROTOTYPES = YES;
				CLANG_WARN_SUSPICIOUS_MOVE = YES;
				CLANG_WARN_UNGUARDED_AVAILABILITY = YES_AGGRESSIVE;
				CLANG_WARN_UNREACHABLE_CODE = YES;
				CLANG_WARN__DUPLICATE_METHOD_MATCH = YES;
				COPY_PHASE_STRIP = NO;
				DEBUG_INFORMATION_FORMAT = dwarf;
				ENABLE_STRICT_OBJC_MSGSEND = YES;
				ENABLE_TESTABILITY = YES;
				ENABLE_USER_SCRIPT_SANDBOXING = YES;
				GCC_C_LANGUAGE_STANDARD = gnu17;
				GCC_DYNAMIC_NO_PIC = NO;
				GCC_NO_COMMON_BLOCKS = YES;
				GCC_OPTIMIZATION_LEVEL = 0;
				GCC_PREPROCESSOR_DEFINITIONS = (
					"DEBUG=1",
					"$(inherited)",
				);
				GCC_WARN_64_TO_32_BIT_CONVERSION = YES;
				GCC_WARN_ABOUT_RETURN_TYPE = YES_ERROR;
				GCC_WARN_UNDECLARED_SELECTOR = YES;
				GCC_WARN_UNINITIALIZED_AUTOS = YES_AGGRESSIVE;
				GCC_WARN_UNUSED_FUNCTION = YES;
				GCC_WARN_UNUSED_VARIABLE = YES;
				IPHONEOS_DEPLOYMENT_TARGET = 17.2;
				LOCALIZATION_PREFERS_STRING_CATALOGS = YES;
				MTL_ENABLE_DEBUG_INFO = INCLUDE_SOURCE;
				MTL_FAST_MATH = YES;
				ONLY_ACTIVE_ARCH = YES;
				SDKROOT = iphoneos;
				SWIFT_ACTIVE_COMPILATION_CONDITIONS = "DEBUG $(inherited)";
				SWIFT_OPTIMIZATION_LEVEL = "-Onone";
			};
			name = Debug;
		};
		AC71A51B2BDBBAA4008FE87B /* Release */ = {
			isa = XCBuildConfiguration;
			buildSettings = {
				ALWAYS_SEARCH_USER_PATHS = NO;
				ASSETCATALOG_COMPILER_GENERATE_SWIFT_ASSET_SYMBOL_EXTENSIONS = YES;
				CLANG_ANALYZER_NONNULL = YES;
				CLANG_ANALYZER_NUMBER_OBJECT_CONVERSION = YES_AGGRESSIVE;
				CLANG_CXX_LANGUAGE_STANDARD = "gnu++20";
				CLANG_ENABLE_MODULES = YES;
				CLANG_ENABLE_OBJC_ARC = YES;
				CLANG_ENABLE_OBJC_WEAK = YES;
				CLANG_WARN_BLOCK_CAPTURE_AUTORELEASING = YES;
				CLANG_WARN_BOOL_CONVERSION = YES;
				CLANG_WARN_COMMA = YES;
				CLANG_WARN_CONSTANT_CONVERSION = YES;
				CLANG_WARN_DEPRECATED_OBJC_IMPLEMENTATIONS = YES;
				CLANG_WARN_DIRECT_OBJC_ISA_USAGE = YES_ERROR;
				CLANG_WARN_DOCUMENTATION_COMMENTS = YES;
				CLANG_WARN_EMPTY_BODY = YES;
				CLANG_WARN_ENUM_CONVERSION = YES;
				CLANG_WARN_INFINITE_RECURSION = YES;
				CLANG_WARN_INT_CONVERSION = YES;
				CLANG_WARN_NON_LITERAL_NULL_CONVERSION = YES;
				CLANG_WARN_OBJC_IMPLICIT_RETAIN_SELF = YES;
				CLANG_WARN_OBJC_LITERAL_CONVERSION = YES;
				CLANG_WARN_OBJC_ROOT_CLASS = YES_ERROR;
				CLANG_WARN_QUOTED_INCLUDE_IN_FRAMEWORK_HEADER = YES;
				CLANG_WARN_RANGE_LOOP_ANALYSIS = YES;
				CLANG_WARN_STRICT_PROTOTYPES = YES;
				CLANG_WARN_SUSPICIOUS_MOVE = YES;
				CLANG_WARN_UNGUARDED_AVAILABILITY = YES_AGGRESSIVE;
				CLANG_WARN_UNREACHABLE_CODE = YES;
				CLANG_WARN__DUPLICATE_METHOD_MATCH = YES;
				COPY_PHASE_STRIP = NO;
				DEBUG_INFORMATION_FORMAT = "dwarf-with-dsym";
				ENABLE_NS_ASSERTIONS = NO;
				ENABLE_STRICT_OBJC_MSGSEND = YES;
				ENABLE_USER_SCRIPT_SANDBOXING = YES;
				GCC_C_LANGUAGE_STANDARD = gnu17;
				GCC_NO_COMMON_BLOCKS = YES;
				GCC_WARN_64_TO_32_BIT_CONVERSION = YES;
				GCC_WARN_ABOUT_RETURN_TYPE = YES_ERROR;
				GCC_WARN_UNDECLARED_SELECTOR = YES;
				GCC_WARN_UNINITIALIZED_AUTOS = YES_AGGRESSIVE;
				GCC_WARN_UNUSED_FUNCTION = YES;
				GCC_WARN_UNUSED_VARIABLE = YES;
				IPHONEOS_DEPLOYMENT_TARGET = 17.2;
				LOCALIZATION_PREFERS_STRING_CATALOGS = YES;
				MTL_ENABLE_DEBUG_INFO = NO;
				MTL_FAST_MATH = YES;
				SDKROOT = iphoneos;
				SWIFT_COMPILATION_MODE = wholemodule;
				VALIDATE_PRODUCT = YES;
			};
			name = Release;
		};
		AC71A51D2BDBBAA4008FE87B /* Debug */ = {
			isa = XCBuildConfiguration;
			buildSettings = {
				ASSETCATALOG_COMPILER_APPICON_NAME = AppIcon;
				ASSETCATALOG_COMPILER_GLOBAL_ACCENT_COLOR_NAME = AccentColor;
				CODE_SIGN_STYLE = Automatic;
				CURRENT_PROJECT_VERSION = 1;
				DEVELOPMENT_ASSET_PATHS = "\"MsScreen/Preview Content\"";
				ENABLE_PREVIEWS = YES;
				GENERATE_INFOPLIST_FILE = YES;
				INFOPLIST_KEY_UIApplicationSceneManifest_Generation = YES;
				INFOPLIST_KEY_UIApplicationSupportsIndirectInputEvents = YES;
				INFOPLIST_KEY_UILaunchScreen_Generation = YES;
				INFOPLIST_KEY_UISupportedInterfaceOrientations_iPad = "UIInterfaceOrientationPortrait UIInterfaceOrientationPortraitUpsideDown UIInterfaceOrientationLandscapeLeft UIInterfaceOrientationLandscapeRight";
				INFOPLIST_KEY_UISupportedInterfaceOrientations_iPhone = "UIInterfaceOrientationPortrait UIInterfaceOrientationLandscapeLeft UIInterfaceOrientationLandscapeRight";
				IPHONEOS_DEPLOYMENT_TARGET = 15.0;
				LD_RUNPATH_SEARCH_PATHS = (
					"$(inherited)",
					"@executable_path/Frameworks",
				);
				MARKETING_VERSION = 1.0;
				PRODUCT_BUNDLE_IDENTIFIER = com.MsScreen;
				PRODUCT_NAME = "$(TARGET_NAME)";
				SUPPORTED_PLATFORMS = "iphoneos iphonesimulator";
				SUPPORTS_MACCATALYST = NO;
				SUPPORTS_MAC_DESIGNED_FOR_IPHONE_IPAD = NO;
				SWIFT_EMIT_LOC_STRINGS = YES;
				SWIFT_VERSION = 5.0;
				TARGETED_DEVICE_FAMILY = 1;
			};
			name = Debug;
		};
		AC71A51E2BDBBAA4008FE87B /* Release */ = {
			isa = XCBuildConfiguration;
			buildSettings = {
				ASSETCATALOG_COMPILER_APPICON_NAME = AppIcon;
				ASSETCATALOG_COMPILER_GLOBAL_ACCENT_COLOR_NAME = AccentColor;
				CODE_SIGN_STYLE = Automatic;
				CURRENT_PROJECT_VERSION = 1;
				DEVELOPMENT_ASSET_PATHS = "\"MsScreen/Preview Content\"";
				ENABLE_PREVIEWS = YES;
				GENERATE_INFOPLIST_FILE = YES;
				INFOPLIST_KEY_UIApplicationSceneManifest_Generation = YES;
				INFOPLIST_KEY_UIApplicationSupportsIndirectInputEvents = YES;
				INFOPLIST_KEY_UILaunchScreen_Generation = YES;
				INFOPLIST_KEY_UISupportedInterfaceOrientations_iPad = "UIInterfaceOrientationPortrait UIInterfaceOrientationPortraitUpsideDown UIInterfaceOrientationLandscapeLeft UIInterfaceOrientationLandscapeRight";
				INFOPLIST_KEY_UISupportedInterfaceOrientations_iPhone = "UIInterfaceOrientationPortrait UIInterfaceOrientationLandscapeLeft UIInterfaceOrientationLandscapeRight";
				IPHONEOS_DEPLOYMENT_TARGET = 15.0;
				LD_RUNPATH_SEARCH_PATHS = (
					"$(inherited)",
					"@executable_path/Frameworks",
				);
				MARKETING_VERSION = 1.0;
				PRODUCT_BUNDLE_IDENTIFIER = com.MsScreen;
				PRODUCT_NAME = "$(TARGET_NAME)";
				SUPPORTED_PLATFORMS = "iphoneos iphonesimulator";
				SUPPORTS_MACCATALYST = NO;
				SUPPORTS_MAC_DESIGNED_FOR_IPHONE_IPAD = NO;
				SWIFT_EMIT_LOC_STRINGS = YES;
				SWIFT_VERSION = 5.0;
				TARGETED_DEVICE_FAMILY = 1;
			};
			name = Release;
		};
/* End XCBuildConfiguration section */

/* Begin XCConfigurationList section */
		AC71A5092BDBBAA1008FE87B /* Build configuration list for PBXProject "MsScreen" */ = {
			isa = XCConfigurationList;
			buildConfigurations = (
				AC71A51A2BDBBAA4008FE87B /* Debug */,
				AC71A51B2BDBBAA4008FE87B /* Release */,
			);
			defaultConfigurationIsVisible = 0;
			defaultConfigurationName = Release;
		};
		AC71A51C2BDBBAA4008FE87B /* Build configuration list for PBXNativeTarget "MsScreen" */ = {
			isa = XCConfigurationList;
			buildConfigurations = (
				AC71A51D2BDBBAA4008FE87B /* Debug */,
				AC71A51E2BDBBAA4008FE87B /* Release */,
			);
			defaultConfigurationIsVisible = 0;
			defaultConfigurationName = Release;
		};
/* End XCConfigurationList section */
	};
	rootObject = AC71A5062BDBBAA1008FE87B /* Project object */;
}
